
Microsoft Visual Studio Solution File, Format Version 12.00
# Visual Studio Version 17
VisualStudioVersion = 17.0.31903.59
MinimumVisualStudioVersion = 10.0.40219.1
Project("{2150E333-8FDC-42A3-9474-1A3956D46DE8}") = "shared", "shared", "{BCB2B36F-30D2-4B00-802B-52BDB4CB9E0F}"
	ProjectSection(SolutionItems) = preProject
		shared\GeneralAssemblyInfo.cs = shared\GeneralAssemblyInfo.cs
	EndProjectSection
EndProject
Project("{2150E333-8FDC-42A3-9474-1A3956D46DE8}") = "code", "code", "{827E0CD3-B72D-47B6-A68D-7590B98EB39B}"
EndProject
Project("{FAE04EC0-301F-11D3-BF4B-00C04F79EFBC}") = "RzR.DataVigil.Abstractions", "code\RzR.DataVigil.Abstractions\RzR.DataVigil.Abstractions.csproj", "{037F1EFA-6485-45A6-927D-B193A0A1E008}"
EndProject
Project("{FAE04EC0-301F-11D3-BF4B-00C04F79EFBC}") = "RzR.DataVigil.Core", "code\RzR.DataVigil.Core\RzR.DataVigil.Core.csproj", "{218858A6-5BA8-4B79-BD50-D312895F0C38}"
EndProject
Project("{FAE04EC0-301F-11D3-BF4B-00C04F79EFBC}") = "RzR.DataVigil.EFCore", "code\provider\RzR.DataVigil.EFCore\RzR.DataVigil.EFCore.csproj", "{7FB1C904-BC06-444C-970D-C04819B29B4F}"
EndProject
Project("{FAE04EC0-301F-11D3-BF4B-00C04F79EFBC}") = "RzR.DataVigil.Storage.EfSqlServer", "code\storage\ef\RzR.DataVigil.Storage.EfSqlServer\RzR.DataVigil.Storage.EfSqlServer.csproj", "{A5BF5720-A570-4987-9860-2C3565A6E88F}"
EndProject
Project("{FAE04EC0-301F-11D3-BF4B-00C04F79EFBC}") = "RzR.DataVigil.Storage.File", "code\storage\RzR.DataVigil.Storage.File\RzR.DataVigil.Storage.File.csproj", "{4F5DEBB9-8F22-43DF-8A45-81A45121EA10}"
EndProject
Project("{FAE04EC0-301F-11D3-BF4B-00C04F79EFBC}") = "RzR.DataVigil.AspNetCore", "code\RzR.DataVigil.AspNetCore\RzR.DataVigil.AspNetCore.csproj", "{85763BB7-102A-4A8E-A8B4-EBEE699824A4}"
EndProject
Project("{2150E333-8FDC-42A3-9474-1A3956D46DE8}") = "storage", "storage", "{C1D2E3F4-A5B6-47C8-9D0E-1F2A3B4C5D6E}"
EndProject
Project("{2150E333-8FDC-42A3-9474-1A3956D46DE8}") = "provider", "provider", "{D1E2F3A4-B5C6-47D8-9E0F-1A2B3C4D5E6F}"
EndProject
Project("{2150E333-8FDC-42A3-9474-1A3956D46DE8}") = "ef", "ef", "{02EA681E-C7D8-13C7-8484-4AC65E1B71E8}"
EndProject
Project("{2150E333-8FDC-42A3-9474-1A3956D46DE8}") = "tests", "tests", "{8BF6DB35-C5C9-42AD-AC20-8C5E77762767}"
EndProject
Project("{FAE04EC0-301F-11D3-BF4B-00C04F79EFBC}") = "RzR.DataVigil.Storage.File.Tests", "tests\RzR.DataVigil.Storage.File.Tests\RzR.DataVigil.Storage.File.Tests.csproj", "{A1B2C3D4-E5F6-4789-9ABC-DEF012345678}"
EndProject
Project("{FAE04EC0-301F-11D3-BF4B-00C04F79EFBC}") = "RzR.DataVigil.Storage.EfSqlServer.Tests", "tests\RzR.DataVigil.Storage.EfSqlServer.Tests\RzR.DataVigil.Storage.EfSqlServer.Tests.csproj", "{C3D4E5F6-A7B8-4901-BCDE-F01234567890}"
EndProject
Project("{2150E333-8FDC-42A3-9474-1A3956D46DE8}") = "samples", "samples", "{98C36B3F-0AC7-454A-B769-840B580BCBB6}"
EndProject
Project("{FAE04EC0-301F-11D3-BF4B-00C04F79EFBC}") = "RzR.DataVigil.Storage.EfPostgreSql", "code\storage\ef\RzR.DataVigil.Storage.EfPostgreSql\RzR.DataVigil.Storage.EfPostgreSql.csproj", "{216786A8-5438-4C96-B929-6F90BDEDA7D6}"
EndProject
Project("{FAE04EC0-301F-11D3-BF4B-00C04F79EFBC}") = "WebApiEfPostgreSqlNet5", "samples\ef\WebApiEfPostgreSqlNet5\WebApiEfPostgreSqlNet5.csproj", "{DD40713F-CC4F-4871-9D62-67140EEFE6D3}"
EndProject
Project("{FAE04EC0-301F-11D3-BF4B-00C04F79EFBC}") = "RzR.DataVigil.Core.Tests", "tests\RzR.DataVigil.Core.Tests\RzR.DataVigil.Core.Tests.csproj", "{7013EE8E-6282-47BC-BEE0-E434F7E28525}"
EndProject
Project("{FAE04EC0-301F-11D3-BF4B-00C04F79EFBC}") = "RzR.DataVigil.AspNetCore.Tests", "tests\RzR.DataVigil.AspNetCore.Tests\RzR.DataVigil.AspNetCore.Tests.csproj", "{64234F5E-AEB7-4F4A-930D-EAA34868AA8C}"
EndProject
Project("{FAE04EC0-301F-11D3-BF4B-00C04F79EFBC}") = "RzR.DataVigil.Storage.EfMongoDb", "code\storage\ef\RzR.DataVigil.Storage.EfMongoDb\RzR.DataVigil.Storage.EfMongoDb.csproj", "{1F20FBE9-96EA-4337-812F-6B39D1C334BD}"
EndProject
Project("{FAE04EC0-301F-11D3-BF4B-00C04F79EFBC}") = "WebApiEfMongoDbNet8", "samples\ef\WebApiEfMongoDbNet8\WebApiEfMongoDbNet8.csproj", "{F4B27127-D50B-4CCC-98DD-FD0B87A228AB}"
EndProject
Project("{FAE04EC0-301F-11D3-BF4B-00C04F79EFBC}") = "WebApiEfPostgreSqlNet6", "samples\ef\WebApiEfPostgreSqlNet6\WebApiEfPostgreSqlNet6.csproj", "{77CD3B46-0F64-442E-A5C2-52E019DCF40A}"
EndProject
Project("{FAE04EC0-301F-11D3-BF4B-00C04F79EFBC}") = "WebApiEfPostgreSqlNet7", "samples\ef\WebApiEfPostgreSqlNet7\WebApiEfPostgreSqlNet7.csproj", "{D4C94714-F044-4A4F-8AEB-9440B114464C}"
EndProject
Project("{FAE04EC0-301F-11D3-BF4B-00C04F79EFBC}") = "WebApiEfPostgreSqlNet8", "samples\ef\WebApiEfPostgreSqlNet8\WebApiEfPostgreSqlNet8.csproj", "{3AD84DFB-4C2E-46D8-B54D-065B8CD69DA8}"
EndProject
Project("{FAE04EC0-301F-11D3-BF4B-00C04F79EFBC}") = "WebApiEfPostgreSqlNet9", "samples\ef\WebApiEfPostgreSqlNet9\WebApiEfPostgreSqlNet9.csproj", "{B6DAAE7B-9664-468E-852A-517F15178B3D}"
EndProject
Project("{2150E333-8FDC-42A3-9474-1A3956D46DE8}") = "ef", "ef", "{CEA3A55D-009F-4F7C-9252-818E86CBE60F}"
EndProject
Project("{FAE04EC0-301F-11D3-BF4B-00C04F79EFBC}") = "WebApiEfSqlServerNet5", "samples\ef\WebApiEfSqlServerNet5\WebApiEfSqlServerNet5.csproj", "{E1F2A3B4-C5D6-4E7F-8A9B-0C1D2E3F4A5B}"
EndProject
Project("{FAE04EC0-301F-11D3-BF4B-00C04F79EFBC}") = "WebApiEfSqlServerNet6", "samples\ef\WebApiEfSqlServerNet6\WebApiEfSqlServerNet6.csproj", "{A2B3C4D5-E6F7-4890-AB12-1C2D3E4F5A6B}"
EndProject
Project("{FAE04EC0-301F-11D3-BF4B-00C04F79EFBC}") = "RzR.DataVigil.EFCore.Tests", "tests\RzR.DataVigil.EFCore.Tests\RzR.DataVigil.EFCore.Tests.csproj", "{B1C2D3E4-F5A6-4B78-9012-3C4D5E6F7A8B}"
EndProject
Project("{2150E333-8FDC-42A3-9474-1A3956D46DE8}") = "worker", "worker", "{98350D6B-57EC-436A-C1AF-9735D5EDC2E2}"
EndProject
Project("{FAE04EC0-301F-11D3-BF4B-00C04F79EFBC}") = "SampleWorkerService", "samples\worker\SampleWorkerService\SampleWorkerService.csproj", "{E27B6E64-2432-47B5-AC79-856B2B631EB2}"
EndProject
Project("{2150E333-8FDC-42A3-9474-1A3956D46DE8}") = "benchmarks", "benchmarks", "{66320409-64EC-F7C5-3DEF-65E7510DAAD1}"
EndProject
Project("{FAE04EC0-301F-11D3-BF4B-00C04F79EFBC}") = "RzR.DataVigil.Benchmarks", "benchmarks\RzR.DataVigil.Benchmarks\RzR.DataVigil.Benchmarks.csproj", "{D6B328AD-6945-42FB-8EFB-87025D6268A9}"
EndProject
Global
	GlobalSection(SolutionConfigurationPlatforms) = preSolution
		Debug|Any CPU = Debug|Any CPU
		Debug|x64 = Debug|x64
		Debug|x86 = Debug|x86
		Release|Any CPU = Release|Any CPU
		Release|x64 = Release|x64
		Release|x86 = Release|x86
	EndGlobalSection
	GlobalSection(ProjectConfigurationPlatforms) = postSolution
		{037F1EFA-6485-45A6-927D-B193A0A1E008}.Debug|Any CPU.ActiveCfg = Debug|Any CPU
		{037F1EFA-6485-45A6-927D-B193A0A1E008}.Debug|Any CPU.Build.0 = Debug|Any CPU
		{037F1EFA-6485-45A6-927D-B193A0A1E008}.Debug|x64.ActiveCfg = Debug|Any CPU
		{037F1EFA-6485-45A6-927D-B193A0A1E008}.Debug|x64.Build.0 = Debug|Any CPU
		{037F1EFA-6485-45A6-927D-B193A0A1E008}.Debug|x86.ActiveCfg = Debug|Any CPU
		{037F1EFA-6485-45A6-927D-B193A0A1E008}.Debug|x86.Build.0 = Debug|Any CPU
		{037F1EFA-6485-45A6-927D-B193A0A1E008}.Release|Any CPU.ActiveCfg = Release|Any CPU
		{037F1EFA-6485-45A6-927D-B193A0A1E008}.Release|Any CPU.Build.0 = Release|Any CPU
		{037F1EFA-6485-45A6-927D-B193A0A1E008}.Release|x64.ActiveCfg = Release|Any CPU
		{037F1EFA-6485-45A6-927D-B193A0A1E008}.Release|x64.Build.0 = Release|Any CPU
		{037F1EFA-6485-45A6-927D-B193A0A1E008}.Release|x86.ActiveCfg = Release|Any CPU
		{037F1EFA-6485-45A6-927D-B193A0A1E008}.Release|x86.Build.0 = Release|Any CPU
		{218858A6-5BA8-4B79-BD50-D312895F0C38}.Debug|Any CPU.ActiveCfg = Debug|Any CPU
		{218858A6-5BA8-4B79-BD50-D312895F0C38}.Debug|Any CPU.Build.0 = Debug|Any CPU
		{218858A6-5BA8-4B79-BD50-D312895F0C38}.Debug|x64.ActiveCfg = Debug|Any CPU
		{218858A6-5BA8-4B79-BD50-D312895F0C38}.Debug|x64.Build.0 = Debug|Any CPU
		{218858A6-5BA8-4B79-BD50-D312895F0C38}.Debug|x86.ActiveCfg = Debug|Any CPU
		{218858A6-5BA8-4B79-BD50-D312895F0C38}.Debug|x86.Build.0 = Debug|Any CPU
		{218858A6-5BA8-4B79-BD50-D312895F0C38}.Release|Any CPU.ActiveCfg = Release|Any CPU
		{218858A6-5BA8-4B79-BD50-D312895F0C38}.Release|Any CPU.Build.0 = Release|Any CPU
		{218858A6-5BA8-4B79-BD50-D312895F0C38}.Release|x64.ActiveCfg = Release|Any CPU
		{218858A6-5BA8-4B79-BD50-D312895F0C38}.Release|x64.Build.0 = Release|Any CPU
		{218858A6-5BA8-4B79-BD50-D312895F0C38}.Release|x86.ActiveCfg = Release|Any CPU
		{218858A6-5BA8-4B79-BD50-D312895F0C38}.Release|x86.Build.0 = Release|Any CPU
		{7FB1C904-BC06-444C-970D-C04819B29B4F}.Debug|Any CPU.ActiveCfg = Debug|Any CPU
		{7FB1C904-BC06-444C-970D-C04819B29B4F}.Debug|Any CPU.Build.0 = Debug|Any CPU
		{7FB1C904-BC06-444C-970D-C04819B29B4F}.Debug|x64.ActiveCfg = Debug|Any CPU
		{7FB1C904-BC06-444C-970D-C04819B29B4F}.Debug|x64.Build.0 = Debug|Any CPU
		{7FB1C904-BC06-444C-970D-C04819B29B4F}.Debug|x86.ActiveCfg = Debug|Any CPU
		{7FB1C904-BC06-444C-970D-C04819B29B4F}.Debug|x86.Build.0 = Debug|Any CPU
		{7FB1C904-BC06-444C-970D-C04819B29B4F}.Release|Any CPU.ActiveCfg = Release|Any CPU
		{7FB1C904-BC06-444C-970D-C04819B29B4F}.Release|Any CPU.Build.0 = Release|Any CPU
		{7FB1C904-BC06-444C-970D-C04819B29B4F}.Release|x64.ActiveCfg = Release|Any CPU
		{7FB1C904-BC06-444C-970D-C04819B29B4F}.Release|x64.Build.0 = Release|Any CPU
		{7FB1C904-BC06-444C-970D-C04819B29B4F}.Release|x86.ActiveCfg = Release|Any CPU
		{7FB1C904-BC06-444C-970D-C04819B29B4F}.Release|x86.Build.0 = Release|Any CPU
		{A5BF5720-A570-4987-9860-2C3565A6E88F}.Debug|Any CPU.ActiveCfg = Debug|Any CPU
		{A5BF5720-A570-4987-9860-2C3565A6E88F}.Debug|Any CPU.Build.0 = Debug|Any CPU
		{A5BF5720-A570-4987-9860-2C3565A6E88F}.Debug|x64.ActiveCfg = Debug|Any CPU
		{A5BF5720-A570-4987-9860-2C3565A6E88F}.Debug|x64.Build.0 = Debug|Any CPU
		{A5BF5720-A570-4987-9860-2C3565A6E88F}.Debug|x86.ActiveCfg = Debug|Any CPU
		{A5BF5720-A570-4987-9860-2C3565A6E88F}.Debug|x86.Build.0 = Debug|Any CPU
		{A5BF5720-A570-4987-9860-2C3565A6E88F}.Release|Any CPU.ActiveCfg = Release|Any CPU
		{A5BF5720-A570-4987-9860-2C3565A6E88F}.Release|Any CPU.Build.0 = Release|Any CPU
		{A5BF5720-A570-4987-9860-2C3565A6E88F}.Release|x64.ActiveCfg = Release|Any CPU
		{A5BF5720-A570-4987-9860-2C3565A6E88F}.Release|x64.Build.0 = Release|Any CPU
		{A5BF5720-A570-4987-9860-2C3565A6E88F}.Release|x86.ActiveCfg = Release|Any CPU
		{A5BF5720-A570-4987-9860-2C3565A6E88F}.Release|x86.Build.0 = Release|Any CPU
		{4F5DEBB9-8F22-43DF-8A45-81A45121EA10}.Debug|Any CPU.ActiveCfg = Debug|Any CPU
		{4F5DEBB9-8F22-43DF-8A45-81A45121EA10}.Debug|Any CPU.Build.0 = Debug|Any CPU
		{4F5DEBB9-8F22-43DF-8A45-81A45121EA10}.Debug|x64.ActiveCfg = Debug|Any CPU
		{4F5DEBB9-8F22-43DF-8A45-81A45121EA10}.Debug|x64.Build.0 = Debug|Any CPU
		{4F5DEBB9-8F22-43DF-8A45-81A45121EA10}.Debug|x86.ActiveCfg = Debug|Any CPU
		{4F5DEBB9-8F22-43DF-8A45-81A45121EA10}.Debug|x86.Build.0 = Debug|Any CPU
		{4F5DEBB9-8F22-43DF-8A45-81A45121EA10}.Release|Any CPU.ActiveCfg = Release|Any CPU
		{4F5DEBB9-8F22-43DF-8A45-81A45121EA10}.Release|Any CPU.Build.0 = Release|Any CPU
		{4F5DEBB9-8F22-43DF-8A45-81A45121EA10}.Release|x64.ActiveCfg = Release|Any CPU
		{4F5DEBB9-8F22-43DF-8A45-81A45121EA10}.Release|x64.Build.0 = Release|Any CPU
		{4F5DEBB9-8F22-43DF-8A45-81A45121EA10}.Release|x86.ActiveCfg = Release|Any CPU
		{4F5DEBB9-8F22-43DF-8A45-81A45121EA10}.Release|x86.Build.0 = Release|Any CPU
		{85763BB7-102A-4A8E-A8B4-EBEE699824A4}.Debug|Any CPU.ActiveCfg = Debug|Any CPU
		{85763BB7-102A-4A8E-A8B4-EBEE699824A4}.Debug|Any CPU.Build.0 = Debug|Any CPU
		{85763BB7-102A-4A8E-A8B4-EBEE699824A4}.Debug|x64.ActiveCfg = Debug|Any CPU
		{85763BB7-102A-4A8E-A8B4-EBEE699824A4}.Debug|x64.Build.0 = Debug|Any CPU
		{85763BB7-102A-4A8E-A8B4-EBEE699824A4}.Debug|x86.ActiveCfg = Debug|Any CPU
		{85763BB7-102A-4A8E-A8B4-EBEE699824A4}.Debug|x86.Build.0 = Debug|Any CPU
		{85763BB7-102A-4A8E-A8B4-EBEE699824A4}.Release|Any CPU.ActiveCfg = Release|Any CPU
		{85763BB7-102A-4A8E-A8B4-EBEE699824A4}.Release|Any CPU.Build.0 = Release|Any CPU
		{85763BB7-102A-4A8E-A8B4-EBEE699824A4}.Release|x64.ActiveCfg = Release|Any CPU
		{85763BB7-102A-4A8E-A8B4-EBEE699824A4}.Release|x64.Build.0 = Release|Any CPU
		{85763BB7-102A-4A8E-A8B4-EBEE699824A4}.Release|x86.ActiveCfg = Release|Any CPU
		{85763BB7-102A-4A8E-A8B4-EBEE699824A4}.Release|x86.Build.0 = Release|Any CPU
		{A1B2C3D4-E5F6-4789-9ABC-DEF012345678}.Debug|Any CPU.ActiveCfg = Debug|Any CPU
		{A1B2C3D4-E5F6-4789-9ABC-DEF012345678}.Debug|Any CPU.Build.0 = Debug|Any CPU
		{A1B2C3D4-E5F6-4789-9ABC-DEF012345678}.Debug|x64.ActiveCfg = Debug|Any CPU
		{A1B2C3D4-E5F6-4789-9ABC-DEF012345678}.Debug|x64.Build.0 = Debug|Any CPU
		{A1B2C3D4-E5F6-4789-9ABC-DEF012345678}.Debug|x86.ActiveCfg = Debug|Any CPU
		{A1B2C3D4-E5F6-4789-9ABC-DEF012345678}.Debug|x86.Build.0 = Debug|Any CPU
		{A1B2C3D4-E5F6-4789-9ABC-DEF012345678}.Release|Any CPU.ActiveCfg = Release|Any CPU
		{A1B2C3D4-E5F6-4789-9ABC-DEF012345678}.Release|Any CPU.Build.0 = Release|Any CPU
		{A1B2C3D4-E5F6-4789-9ABC-DEF012345678}.Release|x64.ActiveCfg = Release|Any CPU
		{A1B2C3D4-E5F6-4789-9ABC-DEF012345678}.Release|x64.Build.0 = Release|Any CPU
		{A1B2C3D4-E5F6-4789-9ABC-DEF012345678}.Release|x86.ActiveCfg = Release|Any CPU
		{A1B2C3D4-E5F6-4789-9ABC-DEF012345678}.Release|x86.Build.0 = Release|Any CPU
		{C3D4E5F6-A7B8-4901-BCDE-F01234567890}.Debug|Any CPU.ActiveCfg = Debug|Any CPU
		{C3D4E5F6-A7B8-4901-BCDE-F01234567890}.Debug|Any CPU.Build.0 = Debug|Any CPU
		{C3D4E5F6-A7B8-4901-BCDE-F01234567890}.Debug|x64.ActiveCfg = Debug|Any CPU
		{C3D4E5F6-A7B8-4901-BCDE-F01234567890}.Debug|x64.Build.0 = Debug|Any CPU
		{C3D4E5F6-A7B8-4901-BCDE-F01234567890}.Debug|x86.ActiveCfg = Debug|Any CPU
		{C3D4E5F6-A7B8-4901-BCDE-F01234567890}.Debug|x86.Build.0 = Debug|Any CPU
		{C3D4E5F6-A7B8-4901-BCDE-F01234567890}.Release|Any CPU.ActiveCfg = Release|Any CPU
		{C3D4E5F6-A7B8-4901-BCDE-F01234567890}.Release|Any CPU.Build.0 = Release|Any CPU
		{C3D4E5F6-A7B8-4901-BCDE-F01234567890}.Release|x64.ActiveCfg = Release|Any CPU
		{C3D4E5F6-A7B8-4901-BCDE-F01234567890}.Release|x64.Build.0 = Release|Any CPU
		{C3D4E5F6-A7B8-4901-BCDE-F01234567890}.Release|x86.ActiveCfg = Release|Any CPU
		{C3D4E5F6-A7B8-4901-BCDE-F01234567890}.Release|x86.Build.0 = Release|Any CPU
		{216786A8-5438-4C96-B929-6F90BDEDA7D6}.Debug|Any CPU.ActiveCfg = Debug|Any CPU
		{216786A8-5438-4C96-B929-6F90BDEDA7D6}.Debug|Any CPU.Build.0 = Debug|Any CPU
		{216786A8-5438-4C96-B929-6F90BDEDA7D6}.Debug|x64.ActiveCfg = Debug|Any CPU
		{216786A8-5438-4C96-B929-6F90BDEDA7D6}.Debug|x64.Build.0 = Debug|Any CPU
		{216786A8-5438-4C96-B929-6F90BDEDA7D6}.Debug|x86.ActiveCfg = Debug|Any CPU
		{216786A8-5438-4C96-B929-6F90BDEDA7D6}.Debug|x86.Build.0 = Debug|Any CPU
		{216786A8-5438-4C96-B929-6F90BDEDA7D6}.Release|Any CPU.ActiveCfg = Release|Any CPU
		{216786A8-5438-4C96-B929-6F90BDEDA7D6}.Release|Any CPU.Build.0 = Release|Any CPU
		{216786A8-5438-4C96-B929-6F90BDEDA7D6}.Release|x64.ActiveCfg = Release|Any CPU
		{216786A8-5438-4C96-B929-6F90BDEDA7D6}.Release|x64.Build.0 = Release|Any CPU
		{216786A8-5438-4C96-B929-6F90BDEDA7D6}.Release|x86.ActiveCfg = Release|Any CPU
		{216786A8-5438-4C96-B929-6F90BDEDA7D6}.Release|x86.Build.0 = Release|Any CPU
		{DD40713F-CC4F-4871-9D62-67140EEFE6D3}.Debug|Any CPU.ActiveCfg = Debug|Any CPU
		{DD40713F-CC4F-4871-9D62-67140EEFE6D3}.Debug|Any CPU.Build.0 = Debug|Any CPU
		{DD40713F-CC4F-4871-9D62-67140EEFE6D3}.Debug|x64.ActiveCfg = Debug|Any CPU
		{DD40713F-CC4F-4871-9D62-67140EEFE6D3}.Debug|x64.Build.0 = Debug|Any CPU
		{DD40713F-CC4F-4871-9D62-67140EEFE6D3}.Debug|x86.ActiveCfg = Debug|Any CPU
		{DD40713F-CC4F-4871-9D62-67140EEFE6D3}.Debug|x86.Build.0 = Debug|Any CPU
		{DD40713F-CC4F-4871-9D62-67140EEFE6D3}.Release|Any CPU.ActiveCfg = Release|Any CPU
		{DD40713F-CC4F-4871-9D62-67140EEFE6D3}.Release|Any CPU.Build.0 = Release|Any CPU
		{DD40713F-CC4F-4871-9D62-67140EEFE6D3}.Release|x64.ActiveCfg = Release|Any CPU
		{DD40713F-CC4F-4871-9D62-67140EEFE6D3}.Release|x64.Build.0 = Release|Any CPU
		{DD40713F-CC4F-4871-9D62-67140EEFE6D3}.Release|x86.ActiveCfg = Release|Any CPU
		{DD40713F-CC4F-4871-9D62-67140EEFE6D3}.Release|x86.Build.0 = Release|Any CPU
		{7013EE8E-6282-47BC-BEE0-E434F7E28525}.Debug|Any CPU.ActiveCfg = Debug|Any CPU
		{7013EE8E-6282-47BC-BEE0-E434F7E28525}.Debug|Any CPU.Build.0 = Debug|Any CPU
		{7013EE8E-6282-47BC-BEE0-E434F7E28525}.Debug|x64.ActiveCfg = Debug|Any CPU
		{7013EE8E-6282-47BC-BEE0-E434F7E28525}.Debug|x64.Build.0 = Debug|Any CPU
		{7013EE8E-6282-47BC-BEE0-E434F7E28525}.Debug|x86.ActiveCfg = Debug|Any CPU
		{7013EE8E-6282-47BC-BEE0-E434F7E28525}.Debug|x86.Build.0 = Debug|Any CPU
		{7013EE8E-6282-47BC-BEE0-E434F7E28525}.Release|Any CPU.ActiveCfg = Release|Any CPU
		{7013EE8E-6282-47BC-BEE0-E434F7E28525}.Release|Any CPU.Build.0 = Release|Any CPU
		{7013EE8E-6282-47BC-BEE0-E434F7E28525}.Release|x64.ActiveCfg = Release|Any CPU
		{7013EE8E-6282-47BC-BEE0-E434F7E28525}.Release|x64.Build.0 = Release|Any CPU
		{7013EE8E-6282-47BC-BEE0-E434F7E28525}.Release|x86.ActiveCfg = Release|Any CPU
		{7013EE8E-6282-47BC-BEE0-E434F7E28525}.Release|x86.Build.0 = Release|Any CPU
		{64234F5E-AEB7-4F4A-930D-EAA34868AA8C}.Debug|Any CPU.ActiveCfg = Debug|Any CPU
		{64234F5E-AEB7-4F4A-930D-EAA34868AA8C}.Debug|Any CPU.Build.0 = Debug|Any CPU
		{64234F5E-AEB7-4F4A-930D-EAA34868AA8C}.Debug|x64.ActiveCfg = Debug|Any CPU
		{64234F5E-AEB7-4F4A-930D-EAA34868AA8C}.Debug|x64.Build.0 = Debug|Any CPU
		{64234F5E-AEB7-4F4A-930D-EAA34868AA8C}.Debug|x86.ActiveCfg = Debug|Any CPU
		{64234F5E-AEB7-4F4A-930D-EAA34868AA8C}.Debug|x86.Build.0 = Debug|Any CPU
		{64234F5E-AEB7-4F4A-930D-EAA34868AA8C}.Release|Any CPU.ActiveCfg = Release|Any CPU
		{64234F5E-AEB7-4F4A-930D-EAA34868AA8C}.Release|Any CPU.Build.0 = Release|Any CPU
		{64234F5E-AEB7-4F4A-930D-EAA34868AA8C}.Release|x64.ActiveCfg = Release|Any CPU
		{64234F5E-AEB7-4F4A-930D-EAA34868AA8C}.Release|x64.Build.0 = Release|Any CPU
		{64234F5E-AEB7-4F4A-930D-EAA34868AA8C}.Release|x86.ActiveCfg = Release|Any CPU
		{64234F5E-AEB7-4F4A-930D-EAA34868AA8C}.Release|x86.Build.0 = Release|Any CPU
		{1F20FBE9-96EA-4337-812F-6B39D1C334BD}.Debug|Any CPU.ActiveCfg = Debug|Any CPU
		{1F20FBE9-96EA-4337-812F-6B39D1C334BD}.Debug|Any CPU.Build.0 = Debug|Any CPU
		{1F20FBE9-96EA-4337-812F-6B39D1C334BD}.Debug|x64.ActiveCfg = Debug|Any CPU
		{1F20FBE9-96EA-4337-812F-6B39D1C334BD}.Debug|x64.Build.0 = Debug|Any CPU
		{1F20FBE9-96EA-4337-812F-6B39D1C334BD}.Debug|x86.ActiveCfg = Debug|Any CPU
		{1F20FBE9-96EA-4337-812F-6B39D1C334BD}.Debug|x86.Build.0 = Debug|Any CPU
		{1F20FBE9-96EA-4337-812F-6B39D1C334BD}.Release|Any CPU.ActiveCfg = Release|Any CPU
		{1F20FBE9-96EA-4337-812F-6B39D1C334BD}.Release|Any CPU.Build.0 = Release|Any CPU
		{1F20FBE9-96EA-4337-812F-6B39D1C334BD}.Release|x64.ActiveCfg = Release|Any CPU
		{1F20FBE9-96EA-4337-812F-6B39D1C334BD}.Release|x64.Build.0 = Release|Any CPU
		{1F20FBE9-96EA-4337-812F-6B39D1C334BD}.Release|x86.ActiveCfg = Release|Any CPU
		{1F20FBE9-96EA-4337-812F-6B39D1C334BD}.Release|x86.Build.0 = Release|Any CPU
		{F4B27127-D50B-4CCC-98DD-FD0B87A228AB}.Debug|Any CPU.ActiveCfg = Debug|Any CPU
		{F4B27127-D50B-4CCC-98DD-FD0B87A228AB}.Debug|Any CPU.Build.0 = Debug|Any CPU
		{F4B27127-D50B-4CCC-98DD-FD0B87A228AB}.Debug|x64.ActiveCfg = Debug|Any CPU
		{F4B27127-D50B-4CCC-98DD-FD0B87A228AB}.Debug|x64.Build.0 = Debug|Any CPU
		{F4B27127-D50B-4CCC-98DD-FD0B87A228AB}.Debug|x86.ActiveCfg = Debug|Any CPU
		{F4B27127-D50B-4CCC-98DD-FD0B87A228AB}.Debug|x86.Build.0 = Debug|Any CPU
		{F4B27127-D50B-4CCC-98DD-FD0B87A228AB}.Release|Any CPU.ActiveCfg = Release|Any CPU
		{F4B27127-D50B-4CCC-98DD-FD0B87A228AB}.Release|Any CPU.Build.0 = Release|Any CPU
		{F4B27127-D50B-4CCC-98DD-FD0B87A228AB}.Release|x64.ActiveCfg = Release|Any CPU
		{F4B27127-D50B-4CCC-98DD-FD0B87A228AB}.Release|x64.Build.0 = Release|Any CPU
		{F4B27127-D50B-4CCC-98DD-FD0B87A228AB}.Release|x86.ActiveCfg = Release|Any CPU
		{F4B27127-D50B-4CCC-98DD-FD0B87A228AB}.Release|x86.Build.0 = Release|Any CPU
		{77CD3B46-0F64-442E-A5C2-52E019DCF40A}.Debug|Any CPU.ActiveCfg = Debug|Any CPU
		{77CD3B46-0F64-442E-A5C2-52E019DCF40A}.Debug|Any CPU.Build.0 = Debug|Any CPU
		{77CD3B46-0F64-442E-A5C2-52E019DCF40A}.Debug|x64.ActiveCfg = Debug|Any CPU
		{77CD3B46-0F64-442E-A5C2-52E019DCF40A}.Debug|x64.Build.0 = Debug|Any CPU
		{77CD3B46-0F64-442E-A5C2-52E019DCF40A}.Debug|x86.ActiveCfg = Debug|Any CPU
		{77CD3B46-0F64-442E-A5C2-52E019DCF40A}.Debug|x86.Build.0 = Debug|Any CPU
		{77CD3B46-0F64-442E-A5C2-52E019DCF40A}.Release|Any CPU.ActiveCfg = Release|Any CPU
		{77CD3B46-0F64-442E-A5C2-52E019DCF40A}.Release|Any CPU.Build.0 = Release|Any CPU
		{77CD3B46-0F64-442E-A5C2-52E019DCF40A}.Release|x64.ActiveCfg = Release|Any CPU
		{77CD3B46-0F64-442E-A5C2-52E019DCF40A}.Release|x64.Build.0 = Release|Any CPU
		{77CD3B46-0F64-442E-A5C2-52E019DCF40A}.Release|x86.ActiveCfg = Release|Any CPU
		{77CD3B46-0F64-442E-A5C2-52E019DCF40A}.Release|x86.Build.0 = Release|Any CPU
		{D4C94714-F044-4A4F-8AEB-9440B114464C}.Debug|Any CPU.ActiveCfg = Debug|Any CPU
		{D4C94714-F044-4A4F-8AEB-9440B114464C}.Debug|Any CPU.Build.0 = Debug|Any CPU
		{D4C94714-F044-4A4F-8AEB-9440B114464C}.Debug|x64.ActiveCfg = Debug|Any CPU
		{D4C94714-F044-4A4F-8AEB-9440B114464C}.Debug|x64.Build.0 = Debug|Any CPU
		{D4C94714-F044-4A4F-8AEB-9440B114464C}.Debug|x86.ActiveCfg = Debug|Any CPU
		{D4C94714-F044-4A4F-8AEB-9440B114464C}.Debug|x86.Build.0 = Debug|Any CPU
		{D4C94714-F044-4A4F-8AEB-9440B114464C}.Release|Any CPU.ActiveCfg = Release|Any CPU
		{D4C94714-F044-4A4F-8AEB-9440B114464C}.Release|Any CPU.Build.0 = Release|Any CPU
		{D4C94714-F044-4A4F-8AEB-9440B114464C}.Release|x64.ActiveCfg = Release|Any CPU
		{D4C94714-F044-4A4F-8AEB-9440B114464C}.Release|x64.Build.0 = Release|Any CPU
		{D4C94714-F044-4A4F-8AEB-9440B114464C}.Release|x86.ActiveCfg = Release|Any CPU
		{D4C94714-F044-4A4F-8AEB-9440B114464C}.Release|x86.Build.0 = Release|Any CPU
		{3AD84DFB-4C2E-46D8-B54D-065B8CD69DA8}.Debug|Any CPU.ActiveCfg = Debug|Any CPU
		{3AD84DFB-4C2E-46D8-B54D-065B8CD69DA8}.Debug|Any CPU.Build.0 = Debug|Any CPU
		{3AD84DFB-4C2E-46D8-B54D-065B8CD69DA8}.Debug|x64.ActiveCfg = Debug|Any CPU
		{3AD84DFB-4C2E-46D8-B54D-065B8CD69DA8}.Debug|x64.Build.0 = Debug|Any CPU
		{3AD84DFB-4C2E-46D8-B54D-065B8CD69DA8}.Debug|x86.ActiveCfg = Debug|Any CPU
		{3AD84DFB-4C2E-46D8-B54D-065B8CD69DA8}.Debug|x86.Build.0 = Debug|Any CPU
		{3AD84DFB-4C2E-46D8-B54D-065B8CD69DA8}.Release|Any CPU.ActiveCfg = Release|Any CPU
		{3AD84DFB-4C2E-46D8-B54D-065B8CD69DA8}.Release|Any CPU.Build.0 = Release|Any CPU
		{3AD84DFB-4C2E-46D8-B54D-065B8CD69DA8}.Release|x64.ActiveCfg = Release|Any CPU
		{3AD84DFB-4C2E-46D8-B54D-065B8CD69DA8}.Release|x64.Build.0 = Release|Any CPU
		{3AD84DFB-4C2E-46D8-B54D-065B8CD69DA8}.Release|x86.ActiveCfg = Release|Any CPU
		{3AD84DFB-4C2E-46D8-B54D-065B8CD69DA8}.Release|x86.Build.0 = Release|Any CPU
		{B6DAAE7B-9664-468E-852A-517F15178B3D}.Debug|Any CPU.ActiveCfg = Debug|Any CPU
		{B6DAAE7B-9664-468E-852A-517F15178B3D}.Debug|Any CPU.Build.0 = Debug|Any CPU
		{B6DAAE7B-9664-468E-852A-517F15178B3D}.Debug|x64.ActiveCfg = Debug|Any CPU
		{B6DAAE7B-9664-468E-852A-517F15178B3D}.Debug|x64.Build.0 = Debug|Any CPU
		{B6DAAE7B-9664-468E-852A-517F15178B3D}.Debug|x86.ActiveCfg = Debug|Any CPU
		{B6DAAE7B-9664-468E-852A-517F15178B3D}.Debug|x86.Build.0 = Debug|Any CPU
		{B6DAAE7B-9664-468E-852A-517F15178B3D}.Release|Any CPU.ActiveCfg = Release|Any CPU
		{B6DAAE7B-9664-468E-852A-517F15178B3D}.Release|Any CPU.Build.0 = Release|Any CPU
		{B6DAAE7B-9664-468E-852A-517F15178B3D}.Release|x64.ActiveCfg = Release|Any CPU
		{B6DAAE7B-9664-468E-852A-517F15178B3D}.Release|x64.Build.0 = Release|Any CPU
		{B6DAAE7B-9664-468E-852A-517F15178B3D}.Release|x86.ActiveCfg = Release|Any CPU
		{B6DAAE7B-9664-468E-852A-517F15178B3D}.Release|x86.Build.0 = Release|Any CPU
		{E1F2A3B4-C5D6-4E7F-8A9B-0C1D2E3F4A5B}.Debug|Any CPU.ActiveCfg = Debug|Any CPU
		{E1F2A3B4-C5D6-4E7F-8A9B-0C1D2E3F4A5B}.Debug|Any CPU.Build.0 = Debug|Any CPU
		{E1F2A3B4-C5D6-4E7F-8A9B-0C1D2E3F4A5B}.Debug|x64.ActiveCfg = Debug|Any CPU
		{E1F2A3B4-C5D6-4E7F-8A9B-0C1D2E3F4A5B}.Debug|x64.Build.0 = Debug|Any CPU
		{E1F2A3B4-C5D6-4E7F-8A9B-0C1D2E3F4A5B}.Debug|x86.ActiveCfg = Debug|Any CPU
		{E1F2A3B4-C5D6-4E7F-8A9B-0C1D2E3F4A5B}.Debug|x86.Build.0 = Debug|Any CPU
		{E1F2A3B4-C5D6-4E7F-8A9B-0C1D2E3F4A5B}.Release|Any CPU.ActiveCfg = Release|Any CPU
		{E1F2A3B4-C5D6-4E7F-8A9B-0C1D2E3F4A5B}.Release|Any CPU.Build.0 = Release|Any CPU
		{E1F2A3B4-C5D6-4E7F-8A9B-0C1D2E3F4A5B}.Release|x64.ActiveCfg = Release|Any CPU
		{E1F2A3B4-C5D6-4E7F-8A9B-0C1D2E3F4A5B}.Release|x64.Build.0 = Release|Any CPU
		{E1F2A3B4-C5D6-4E7F-8A9B-0C1D2E3F4A5B}.Release|x86.ActiveCfg = Release|Any CPU
		{E1F2A3B4-C5D6-4E7F-8A9B-0C1D2E3F4A5B}.Release|x86.Build.0 = Release|Any CPU
		{A2B3C4D5-E6F7-4890-AB12-1C2D3E4F5A6B}.Debug|Any CPU.ActiveCfg = Debug|Any CPU
		{A2B3C4D5-E6F7-4890-AB12-1C2D3E4F5A6B}.Debug|Any CPU.Build.0 = Debug|Any CPU
		{A2B3C4D5-E6F7-4890-AB12-1C2D3E4F5A6B}.Debug|x64.ActiveCfg = Debug|Any CPU
		{A2B3C4D5-E6F7-4890-AB12-1C2D3E4F5A6B}.Debug|x64.Build.0 = Debug|Any CPU
		{A2B3C4D5-E6F7-4890-AB12-1C2D3E4F5A6B}.Debug|x86.ActiveCfg = Debug|Any CPU
		{A2B3C4D5-E6F7-4890-AB12-1C2D3E4F5A6B}.Debug|x86.Build.0 = Debug|Any CPU
		{A2B3C4D5-E6F7-4890-AB12-1C2D3E4F5A6B}.Release|Any CPU.ActiveCfg = Release|Any CPU
		{A2B3C4D5-E6F7-4890-AB12-1C2D3E4F5A6B}.Release|Any CPU.Build.0 = Release|Any CPU
		{A2B3C4D5-E6F7-4890-AB12-1C2D3E4F5A6B}.Release|x64.ActiveCfg = Release|Any CPU
		{A2B3C4D5-E6F7-4890-AB12-1C2D3E4F5A6B}.Release|x64.Build.0 = Release|Any CPU
		{A2B3C4D5-E6F7-4890-AB12-1C2D3E4F5A6B}.Release|x86.ActiveCfg = Release|Any CPU
		{A2B3C4D5-E6F7-4890-AB12-1C2D3E4F5A6B}.Release|x86.Build.0 = Release|Any CPU
		{B1C2D3E4-F5A6-4B78-9012-3C4D5E6F7A8B}.Debug|Any CPU.ActiveCfg = Debug|Any CPU
		{B1C2D3E4-F5A6-4B78-9012-3C4D5E6F7A8B}.Debug|Any CPU.Build.0 = Debug|Any CPU
		{B1C2D3E4-F5A6-4B78-9012-3C4D5E6F7A8B}.Debug|x64.ActiveCfg = Debug|Any CPU
		{B1C2D3E4-F5A6-4B78-9012-3C4D5E6F7A8B}.Debug|x64.Build.0 = Debug|Any CPU
		{B1C2D3E4-F5A6-4B78-9012-3C4D5E6F7A8B}.Debug|x86.ActiveCfg = Debug|Any CPU
		{B1C2D3E4-F5A6-4B78-9012-3C4D5E6F7A8B}.Debug|x86.Build.0 = Debug|Any CPU
		{B1C2D3E4-F5A6-4B78-9012-3C4D5E6F7A8B}.Release|Any CPU.ActiveCfg = Release|Any CPU
		{B1C2D3E4-F5A6-4B78-9012-3C4D5E6F7A8B}.Release|Any CPU.Build.0 = Release|Any CPU
		{B1C2D3E4-F5A6-4B78-9012-3C4D5E6F7A8B}.Release|x64.ActiveCfg = Release|Any CPU
		{B1C2D3E4-F5A6-4B78-9012-3C4D5E6F7A8B}.Release|x64.Build.0 = Release|Any CPU
		{B1C2D3E4-F5A6-4B78-9012-3C4D5E6F7A8B}.Release|x86.ActiveCfg = Release|Any CPU
		{B1C2D3E4-F5A6-4B78-9012-3C4D5E6F7A8B}.Release|x86.Build.0 = Release|Any CPU
		{E27B6E64-2432-47B5-AC79-856B2B631EB2}.Debug|Any CPU.ActiveCfg = Debug|Any CPU
		{E27B6E64-2432-47B5-AC79-856B2B631EB2}.Debug|Any CPU.Build.0 = Debug|Any CPU
		{E27B6E64-2432-47B5-AC79-856B2B631EB2}.Debug|x64.ActiveCfg = Debug|Any CPU
		{E27B6E64-2432-47B5-AC79-856B2B631EB2}.Debug|x64.Build.0 = Debug|Any CPU
		{E27B6E64-2432-47B5-AC79-856B2B631EB2}.Debug|x86.ActiveCfg = Debug|Any CPU
		{E27B6E64-2432-47B5-AC79-856B2B631EB2}.Debug|x86.Build.0 = Debug|Any CPU
		{E27B6E64-2432-47B5-AC79-856B2B631EB2}.Release|Any CPU.ActiveCfg = Release|Any CPU
		{E27B6E64-2432-47B5-AC79-856B2B631EB2}.Release|Any CPU.Build.0 = Release|Any CPU
		{E27B6E64-2432-47B5-AC79-856B2B631EB2}.Release|x64.ActiveCfg = Release|Any CPU
		{E27B6E64-2432-47B5-AC79-856B2B631EB2}.Release|x64.Build.0 = Release|Any CPU
		{E27B6E64-2432-47B5-AC79-856B2B631EB2}.Release|x86.ActiveCfg = Release|Any CPU
		{E27B6E64-2432-47B5-AC79-856B2B631EB2}.Release|x86.Build.0 = Release|Any CPU
		{D6B328AD-6945-42FB-8EFB-87025D6268A9}.Debug|Any CPU.ActiveCfg = Debug|Any CPU
		{D6B328AD-6945-42FB-8EFB-87025D6268A9}.Debug|Any CPU.Build.0 = Debug|Any CPU
		{D6B328AD-6945-42FB-8EFB-87025D6268A9}.Debug|x64.ActiveCfg = Debug|Any CPU
		{D6B328AD-6945-42FB-8EFB-87025D6268A9}.Debug|x64.Build.0 = Debug|Any CPU
		{D6B328AD-6945-42FB-8EFB-87025D6268A9}.Debug|x86.ActiveCfg = Debug|Any CPU
		{D6B328AD-6945-42FB-8EFB-87025D6268A9}.Debug|x86.Build.0 = Debug|Any CPU
		{D6B328AD-6945-42FB-8EFB-87025D6268A9}.Release|Any CPU.ActiveCfg = Release|Any CPU
		{D6B328AD-6945-42FB-8EFB-87025D6268A9}.Release|Any CPU.Build.0 = Release|Any CPU
		{D6B328AD-6945-42FB-8EFB-87025D6268A9}.Release|x64.ActiveCfg = Release|Any CPU
		{D6B328AD-6945-42FB-8EFB-87025D6268A9}.Release|x64.Build.0 = Release|Any CPU
		{D6B328AD-6945-42FB-8EFB-87025D6268A9}.Release|x86.ActiveCfg = Release|Any CPU
		{D6B328AD-6945-42FB-8EFB-87025D6268A9}.Release|x86.Build.0 = Release|Any CPU
	EndGlobalSection
	GlobalSection(SolutionProperties) = preSolution
		HideSolutionNode = FALSE
	EndGlobalSection
	GlobalSection(NestedProjects) = preSolution
		{037F1EFA-6485-45A6-927D-B193A0A1E008} = {827E0CD3-B72D-47B6-A68D-7590B98EB39B}
		{218858A6-5BA8-4B79-BD50-D312895F0C38} = {827E0CD3-B72D-47B6-A68D-7590B98EB39B}
		{7FB1C904-BC06-444C-970D-C04819B29B4F} = {D1E2F3A4-B5C6-47D8-9E0F-1A2B3C4D5E6F}
		{A5BF5720-A570-4987-9860-2C3565A6E88F} = {02EA681E-C7D8-13C7-8484-4AC65E1B71E8}
		{4F5DEBB9-8F22-43DF-8A45-81A45121EA10} = {C1D2E3F4-A5B6-47C8-9D0E-1F2A3B4C5D6E}
		{85763BB7-102A-4A8E-A8B4-EBEE699824A4} = {827E0CD3-B72D-47B6-A68D-7590B98EB39B}
		{C1D2E3F4-A5B6-47C8-9D0E-1F2A3B4C5D6E} = {827E0CD3-B72D-47B6-A68D-7590B98EB39B}
		{D1E2F3A4-B5C6-47D8-9E0F-1A2B3C4D5E6F} = {827E0CD3-B72D-47B6-A68D-7590B98EB39B}
		{02EA681E-C7D8-13C7-8484-4AC65E1B71E8} = {C1D2E3F4-A5B6-47C8-9D0E-1F2A3B4C5D6E}
		{A1B2C3D4-E5F6-4789-9ABC-DEF012345678} = {8BF6DB35-C5C9-42AD-AC20-8C5E77762767}
		{C3D4E5F6-A7B8-4901-BCDE-F01234567890} = {8BF6DB35-C5C9-42AD-AC20-8C5E77762767}
		{216786A8-5438-4C96-B929-6F90BDEDA7D6} = {02EA681E-C7D8-13C7-8484-4AC65E1B71E8}
		{DD40713F-CC4F-4871-9D62-67140EEFE6D3} = {CEA3A55D-009F-4F7C-9252-818E86CBE60F}
		{7013EE8E-6282-47BC-BEE0-E434F7E28525} = {8BF6DB35-C5C9-42AD-AC20-8C5E77762767}
		{64234F5E-AEB7-4F4A-930D-EAA34868AA8C} = {8BF6DB35-C5C9-42AD-AC20-8C5E77762767}
		{1F20FBE9-96EA-4337-812F-6B39D1C334BD} = {02EA681E-C7D8-13C7-8484-4AC65E1B71E8}
		{F4B27127-D50B-4CCC-98DD-FD0B87A228AB} = {CEA3A55D-009F-4F7C-9252-818E86CBE60F}
		{77CD3B46-0F64-442E-A5C2-52E019DCF40A} = {CEA3A55D-009F-4F7C-9252-818E86CBE60F}
		{D4C94714-F044-4A4F-8AEB-9440B114464C} = {CEA3A55D-009F-4F7C-9252-818E86CBE60F}
		{3AD84DFB-4C2E-46D8-B54D-065B8CD69DA8} = {CEA3A55D-009F-4F7C-9252-818E86CBE60F}
		{B6DAAE7B-9664-468E-852A-517F15178B3D} = {CEA3A55D-009F-4F7C-9252-818E86CBE60F}
		{CEA3A55D-009F-4F7C-9252-818E86CBE60F} = {98C36B3F-0AC7-454A-B769-840B580BCBB6}
		{E1F2A3B4-C5D6-4E7F-8A9B-0C1D2E3F4A5B} = {CEA3A55D-009F-4F7C-9252-818E86CBE60F}
		{A2B3C4D5-E6F7-4890-AB12-1C2D3E4F5A6B} = {CEA3A55D-009F-4F7C-9252-818E86CBE60F}
		{B1C2D3E4-F5A6-4B78-9012-3C4D5E6F7A8B} = {8BF6DB35-C5C9-42AD-AC20-8C5E77762767}
		{98350D6B-57EC-436A-C1AF-9735D5EDC2E2} = {98C36B3F-0AC7-454A-B769-840B580BCBB6}
		{E27B6E64-2432-47B5-AC79-856B2B631EB2} = {98350D6B-57EC-436A-C1AF-9735D5EDC2E2}
		{D6B328AD-6945-42FB-8EFB-87025D6268A9} = {66320409-64EC-F7C5-3DEF-65E7510DAAD1}
	EndGlobalSection
	GlobalSection(ExtensibilityGlobals) = postSolution
		SolutionGuid = {263442EA-0786-424E-A083-A7BBA310CF93}
	EndGlobalSection
EndGlobal
